
Microsoft Visual Studio Solution File, Format Version 12.00
# Visual Studio Version 16
VisualStudioVersion = 16.0.31729.503
MinimumVisualStudioVersion = 10.0.40219.1
Project("{8BC9CEB8-8B4A-11D0-8D11-00A0C91BC942}") = "Лаб№5 ППОИС 3с", "Лаб№5 ППОИС 3с\Лаб№5 ППОИС 3с.vcxproj", "{F05690DD-20BA-450A-9F91-8754865068C3}"
EndProject
Global
	GlobalSection(SolutionConfigurationPlatforms) = preSolution
		Debug|x64 = Debug|x64
		Debug|x86 = Debug|x86
		Release|x64 = Release|x64
		Release|x86 = Release|x86
	EndGlobalSection
	GlobalSection(ProjectConfigurationPlatforms) = postSolution
		{F05690DD-20BA-450A-9F91-8754865068C3}.Debug|x64.ActiveCfg = Debug|x64
		{F05690DD-20BA-450A-9F91-8754865068C3}.Debug|x64.Build.0 = Debug|x64
		{F05690DD-20BA-450A-9F91-8754865068C3}.Debug|x86.ActiveCfg = Debug|Win32
		{F05690DD-20BA-450A-9F91-8754865068C3}.Debug|x86.Build.0 = Debug|Win32
		{F05690DD-20BA-450A-9F91-8754865068C3}.Release|x64.ActiveCfg = Release|x64
		{F05690DD-20BA-450A-9F91-8754865068C3}.Release|x64.Build.0 = Release|x64
		{F05690DD-20BA-450A-9F91-8754865068C3}.Release|x86.ActiveCfg = Release|Win32
		{F05690DD-20BA-450A-9F91-8754865068C3}.Release|x86.Build.0 = Release|Win32
	EndGlobalSection
	GlobalSection(SolutionProperties) = preSolution
		HideSolutionNode = FALSE
	EndGlobalSection
	GlobalSection(ExtensibilityGlobals) = postSolution
		SolutionGuid = {6D0576D5-C79A-48BA-8689-DB5C68783EE6}
	EndGlobalSection
EndGlobal
